// !$*UTF8*$!
{
	archiveVersion = 1;
	classes = {
	};
	objectVersion = 56;
	objects = {

/* Begin PBXBuildFile section */
		2E866BA32B1A49EE004A96B9 /* AppDelegate.swift in Sources */ = {isa = PBXBuildFile; fileRef = 2E866BA22B1A49EE004A96B9 /* AppDelegate.swift */; };
		2E866BA52B1A49EE004A96B9 /* SceneDelegate.swift in Sources */ = {isa = PBXBuildFile; fileRef = 2E866BA42B1A49EE004A96B9 /* SceneDelegate.swift */; };
		2E866BA72B1A49EE004A96B9 /* ViewController.swift in Sources */ = {isa = PBXBuildFile; fileRef = 2E866BA62B1A49EE004A96B9 /* ViewController.swift */; };
		2E866BAA2B1A49EE004A96B9 /* Main.storyboard in Resources */ = {isa = PBXBuildFile; fileRef = 2E866BA82B1A49EE004A96B9 /* Main.storyboard */; };
		2E866BAC2B1A49EF004A96B9 /* Assets.xcassets in Resources */ = {isa = PBXBuildFile; fileRef = 2E866BAB2B1A49EF004A96B9 /* Assets.xcassets */; };
		2E866BAF2B1A49EF004A96B9 /* LaunchScreen.storyboard in Resources */ = {isa = PBXBuildFile; fileRef = 2E866BAD2B1A49EF004A96B9 /* LaunchScreen.storyboard */; };
		2E866BBA2B1A49EF004A96B9 /* CustomNetWorkingTests.swift in Sources */ = {isa = PBXBuildFile; fileRef = 2E866BB92B1A49EF004A96B9 /* CustomNetWorkingTests.swift */; };
		2E866BC42B1A49EF004A96B9 /* CustomNetWorkingUITests.swift in Sources */ = {isa = PBXBuildFile; fileRef = 2E866BC32B1A49EF004A96B9 /* CustomNetWorkingUITests.swift */; };
		2E866BC62B1A49EF004A96B9 /* CustomNetWorkingUITestsLaunchTests.swift in Sources */ = {isa = PBXBuildFile; fileRef = 2E866BC52B1A49EF004A96B9 /* CustomNetWorkingUITestsLaunchTests.swift */; };
		2E866BD42B1A4A2D004A96B9 /* Aliases.swift in Sources */ = {isa = PBXBuildFile; fileRef = 2E866BD32B1A4A2D004A96B9 /* Aliases.swift */; };
		2E866BD62B1A4AD1004A96B9 /* Endpoint.swift in Sources */ = {isa = PBXBuildFile; fileRef = 2E866BD52B1A4AD1004A96B9 /* Endpoint.swift */; };
		2E866BD82B1A4B77004A96B9 /* Request.swift in Sources */ = {isa = PBXBuildFile; fileRef = 2E866BD72B1A4B77004A96B9 /* Request.swift */; };
/* End PBXBuildFile section */

/* Begin PBXContainerItemProxy section */
		2E866BB62B1A49EF004A96B9 /* PBXContainerItemProxy */ = {
			isa = PBXContainerItemProxy;
			containerPortal = 2E866B972B1A49EE004A96B9 /* Project object */;
			proxyType = 1;
			remoteGlobalIDString = 2E866B9E2B1A49EE004A96B9;
			remoteInfo = CustomNetWorking;
		};
		2E866BC02B1A49EF004A96B9 /* PBXContainerItemProxy */ = {
			isa = PBXContainerItemProxy;
			containerPortal = 2E866B972B1A49EE004A96B9 /* Project object */;
			proxyType = 1;
			remoteGlobalIDString = 2E866B9E2B1A49EE004A96B9;
			remoteInfo = CustomNetWorking;
		};
/* End PBXContainerItemProxy section */

/* Begin PBXFileReference section */
		2E866B9F2B1A49EE004A96B9 /* CustomNetWorking.app */ = {isa = PBXFileReference; explicitFileType = wrapper.application; includeInIndex = 0; path = CustomNetWorking.app; sourceTree = BUILT_PRODUCTS_DIR; };
		2E866BA22B1A49EE004A96B9 /* AppDelegate.swift */ = {isa = PBXFileReference; lastKnownFileType = sourcecode.swift; path = AppDelegate.swift; sourceTree = "<group>"; };
		2E866BA42B1A49EE004A96B9 /* SceneDelegate.swift */ = {isa = PBXFileReference; lastKnownFileType = sourcecode.swift; path = SceneDelegate.swift; sourceTree = "<group>"; };
		2E866BA62B1A49EE004A96B9 /* ViewController.swift */ = {isa = PBXFileReference; lastKnownFileType = sourcecode.swift; path = ViewController.swift; sourceTree = "<group>"; };
		2E866BA92B1A49EE004A96B9 /* Base */ = {isa = PBXFileReference; lastKnownFileType = file.storyboard; name = Base; path = Base.lproj/Main.storyboard; sourceTree = "<group>"; };
		2E866BAB2B1A49EF004A96B9 /* Assets.xcassets */ = {isa = PBXFileReference; lastKnownFileType = folder.assetcatalog; path = Assets.xcassets; sourceTree = "<group>"; };
		2E866BAE2B1A49EF004A96B9 /* Base */ = {isa = PBXFileReference; lastKnownFileType = file.storyboard; name = Base; path = Base.lproj/LaunchScreen.storyboard; sourceTree = "<group>"; };
		2E866BB02B1A49EF004A96B9 /* Info.plist */ = {isa = PBXFileReference; lastKnownFileType = text.plist.xml; path = Info.plist; sourceTree = "<group>"; };
		2E866BB52B1A49EF004A96B9 /* CustomNetWorkingTests.xctest */ = {isa = PBXFileReference; explicitFileType = wrapper.cfbundle; includeInIndex = 0; path = CustomNetWorkingTests.xctest; sourceTree = BUILT_PRODUCTS_DIR; };
		2E866BB92B1A49EF004A96B9 /* CustomNetWorkingTests.swift */ = {isa = PBXFileReference; lastKnownFileType = sourcecode.swift; path = CustomNetWorkingTests.swift; sourceTree = "<group>"; };
		2E866BBF2B1A49EF004A96B9 /* CustomNetWorkingUITests.xctest */ = {isa = PBXFileReference; explicitFileType = wrapper.cfbundle; includeInIndex = 0; path = CustomNetWorkingUITests.xctest; sourceTree = BUILT_PRODUCTS_DIR; };
		2E866BC32B1A49EF004A96B9 /* CustomNetWorkingUITests.swift */ = {isa = PBXFileReference; lastKnownFileType = sourcecode.swift; path = CustomNetWorkingUITests.swift; sourceTree = "<group>"; };
		2E866BC52B1A49EF004A96B9 /* CustomNetWorkingUITestsLaunchTests.swift */ = {isa = PBXFileReference; lastKnownFileType = sourcecode.swift; path = CustomNetWorkingUITestsLaunchTests.swift; sourceTree = "<group>"; };
		2E866BD32B1A4A2D004A96B9 /* Aliases.swift */ = {isa = PBXFileReference; lastKnownFileType = sourcecode.swift; path = Aliases.swift; sourceTree = "<group>"; };
		2E866BD52B1A4AD1004A96B9 /* Endpoint.swift */ = {isa = PBXFileReference; lastKnownFileType = sourcecode.swift; path = Endpoint.swift; sourceTree = "<group>"; };
		2E866BD72B1A4B77004A96B9 /* Request.swift */ = {isa = PBXFileReference; lastKnownFileType = sourcecode.swift; path = Request.swift; sourceTree = "<group>"; };
/* End PBXFileReference section */

/* Begin PBXFrameworksBuildPhase section */
		2E866B9C2B1A49EE004A96B9 /* Frameworks */ = {
			isa = PBXFrameworksBuildPhase;
			buildActionMask = 2147483647;
			files = (
			);
			runOnlyForDeploymentPostprocessing = 0;
		};
		2E866BB22B1A49EF004A96B9 /* Frameworks */ = {
			isa = PBXFrameworksBuildPhase;
			buildActionMask = 2147483647;
			files = (
			);
			runOnlyForDeploymentPostprocessing = 0;
		};
		2E866BBC2B1A49EF004A96B9 /* Frameworks */ = {
			isa = PBXFrameworksBuildPhase;
			buildActionMask = 2147483647;
			files = (
			);
			runOnlyForDeploymentPostprocessing = 0;
		};
/* End PBXFrameworksBuildPhase section */

/* Begin PBXGroup section */
		2E866B962B1A49EE004A96B9 = {
			isa = PBXGroup;
			children = (
				2E866BA12B1A49EE004A96B9 /* CustomNetWorking */,
				2E866BB82B1A49EF004A96B9 /* CustomNetWorkingTests */,
				2E866BC22B1A49EF004A96B9 /* CustomNetWorkingUITests */,
				2E866BA02B1A49EE004A96B9 /* Products */,
			);
			sourceTree = "<group>";
		};
		2E866BA02B1A49EE004A96B9 /* Products */ = {
			isa = PBXGroup;
			children = (
				2E866B9F2B1A49EE004A96B9 /* CustomNetWorking.app */,
				2E866BB52B1A49EF004A96B9 /* CustomNetWorkingTests.xctest */,
				2E866BBF2B1A49EF004A96B9 /* CustomNetWorkingUITests.xctest */,
			);
			name = Products;
			sourceTree = "<group>";
		};
		2E866BA12B1A49EE004A96B9 /* CustomNetWorking */ = {
			isa = PBXGroup;
			children = (
				2E866BD22B1A4A06004A96B9 /* CustomNetworking */,
				2E866BA22B1A49EE004A96B9 /* AppDelegate.swift */,
				2E866BA42B1A49EE004A96B9 /* SceneDelegate.swift */,
				2E866BA62B1A49EE004A96B9 /* ViewController.swift */,
				2E866BA82B1A49EE004A96B9 /* Main.storyboard */,
				2E866BAB2B1A49EF004A96B9 /* Assets.xcassets */,
				2E866BAD2B1A49EF004A96B9 /* LaunchScreen.storyboard */,
				2E866BB02B1A49EF004A96B9 /* Info.plist */,
			);
			path = CustomNetWorking;
			sourceTree = "<group>";
		};
		2E866BB82B1A49EF004A96B9 /* CustomNetWorkingTests */ = {
			isa = PBXGroup;
			children = (
				2E866BB92B1A49EF004A96B9 /* CustomNetWorkingTests.swift */,
			);
			path = CustomNetWorkingTests;
			sourceTree = "<group>";
		};
		2E866BC22B1A49EF004A96B9 /* CustomNetWorkingUITests */ = {
			isa = PBXGroup;
			children = (
				2E866BC32B1A49EF004A96B9 /* CustomNetWorkingUITests.swift */,
				2E866BC52B1A49EF004A96B9 /* CustomNetWorkingUITestsLaunchTests.swift */,
			);
			path = CustomNetWorkingUITests;
			sourceTree = "<group>";
		};
		2E866BD22B1A4A06004A96B9 /* CustomNetworking */ = {
			isa = PBXGroup;
			children = (
				2E866BD32B1A4A2D004A96B9 /* Aliases.swift */,
				2E866BD72B1A4B77004A96B9 /* Request.swift */,
				2E866BD52B1A4AD1004A96B9 /* Endpoint.swift */,
			);
			path = CustomNetworking;
			sourceTree = "<group>";
		};
/* End PBXGroup section */

/* Begin PBXNativeTarget section */
		2E866B9E2B1A49EE004A96B9 /* CustomNetWorking */ = {
			isa = PBXNativeTarget;
			buildConfigurationList = 2E866BC92B1A49EF004A96B9 /* Build configuration list for PBXNativeTarget "CustomNetWorking" */;
			buildPhases = (
				2E866B9B2B1A49EE004A96B9 /* Sources */,
				2E866B9C2B1A49EE004A96B9 /* Frameworks */,
				2E866B9D2B1A49EE004A96B9 /* Resources */,
			);
			buildRules = (
			);
			dependencies = (
			);
			name = CustomNetWorking;
			productName = CustomNetWorking;
			productReference = 2E866B9F2B1A49EE004A96B9 /* CustomNetWorking.app */;
			productType = "com.apple.product-type.application";
		};
		2E866BB42B1A49EF004A96B9 /* CustomNetWorkingTests */ = {
			isa = PBXNativeTarget;
			buildConfigurationList = 2E866BCC2B1A49EF004A96B9 /* Build configuration list for PBXNativeTarget "CustomNetWorkingTests" */;
			buildPhases = (
				2E866BB12B1A49EF004A96B9 /* Sources */,
				2E866BB22B1A49EF004A96B9 /* Frameworks */,
				2E866BB32B1A49EF004A96B9 /* Resources */,
			);
			buildRules = (
			);
			dependencies = (
				2E866BB72B1A49EF004A96B9 /* PBXTargetDependency */,
			);
			name = CustomNetWorkingTests;
			productName = CustomNetWorkingTests;
			productReference = 2E866BB52B1A49EF004A96B9 /* CustomNetWorkingTests.xctest */;
			productType = "com.apple.product-type.bundle.unit-test";
		};
		2E866BBE2B1A49EF004A96B9 /* CustomNetWorkingUITests */ = {
			isa = PBXNativeTarget;
			buildConfigurationList = 2E866BCF2B1A49EF004A96B9 /* Build configuration list for PBXNativeTarget "CustomNetWorkingUITests" */;
			buildPhases = (
				2E866BBB2B1A49EF004A96B9 /* Sources */,
				2E866BBC2B1A49EF004A96B9 /* Frameworks */,
				2E866BBD2B1A49EF004A96B9 /* Resources */,
			);
			buildRules = (
			);
			dependencies = (
				2E866BC12B1A49EF004A96B9 /* PBXTargetDependency */,
			);
			name = CustomNetWorkingUITests;
			productName = CustomNetWorkingUITests;
			productReference = 2E866BBF2B1A49EF004A96B9 /* CustomNetWorkingUITests.xctest */;
			productType = "com.apple.product-type.bundle.ui-testing";
		};
/* End PBXNativeTarget section */

/* Begin PBXProject section */
		2E866B972B1A49EE004A96B9 /* Project object */ = {
			isa = PBXProject;
			attributes = {
				BuildIndependentTargetsInParallel = 1;
				LastSwiftUpdateCheck = 1500;
				LastUpgradeCheck = 1500;
				TargetAttributes = {
					2E866B9E2B1A49EE004A96B9 = {
						CreatedOnToolsVersion = 15.0;
					};
					2E866BB42B1A49EF004A96B9 = {
						CreatedOnToolsVersion = 15.0;
						TestTargetID = 2E866B9E2B1A49EE004A96B9;
					};
					2E866BBE2B1A49EF004A96B9 = {
						CreatedOnToolsVersion = 15.0;
						TestTargetID = 2E866B9E2B1A49EE004A96B9;
					};
				};
			};
			buildConfigurationList = 2E866B9A2B1A49EE004A96B9 /* Build configuration list for PBXProject "CustomNetWorking" */;
			compatibilityVersion = "Xcode 14.0";
			developmentRegion = en;
			hasScannedForEncodings = 0;
			knownRegions = (
				en,
				Base,
			);
			mainGroup = 2E866B962B1A49EE004A96B9;
			productRefGroup = 2E866BA02B1A49EE004A96B9 /* Products */;
			projectDirPath = "";
			projectRoot = "";
			targets = (
				2E866B9E2B1A49EE004A96B9 /* CustomNetWorking */,
				2E866BB42B1A49EF004A96B9 /* CustomNetWorkingTests */,
				2E866BBE2B1A49EF004A96B9 /* CustomNetWorkingUITests */,
			);
		};
/* End PBXProject section */

/* Begin PBXResourcesBuildPhase section */
		2E866B9D2B1A49EE004A96B9 /* Resources */ = {
			isa = PBXResourcesBuildPhase;
			buildActionMask = 2147483647;
			files = (
				2E866BAF2B1A49EF004A96B9 /* LaunchScreen.storyboard in Resources */,
				2E866BAC2B1A49EF004A96B9 /* Assets.xcassets in Resources */,
				2E866BAA2B1A49EE004A96B9 /* Main.storyboard in Resources */,
			);
			runOnlyForDeploymentPostprocessing = 0;
		};
		2E866BB32B1A49EF004A96B9 /* Resources */ = {
			isa = PBXResourcesBuildPhase;
			buildActionMask = 2147483647;
			files = (
			);
			runOnlyForDeploymentPostprocessing = 0;
		};
		2E866BBD2B1A49EF004A96B9 /* Resources */ = {
			isa = PBXResourcesBuildPhase;
			buildActionMask = 2147483647;
			files = (
			);
			runOnlyForDeploymentPostprocessing = 0;
		};
/* End PBXResourcesBuildPhase section */

/* Begin PBXSourcesBuildPhase section */
		2E866B9B2B1A49EE004A96B9 /* Sources */ = {
			isa = PBXSourcesBuildPhase;
			buildActionMask = 2147483647;
			files = (
				2E866BA72B1A49EE004A96B9 /* ViewController.swift in Sources */,
				2E866BD82B1A4B77004A96B9 /* Request.swift in Sources */,
				2E866BA32B1A49EE004A96B9 /* AppDelegate.swift in Sources */,
				2E866BD42B1A4A2D004A96B9 /* Aliases.swift in Sources */,
				2E866BA52B1A49EE004A96B9 /* SceneDelegate.swift in Sources */,
				2E866BD62B1A4AD1004A96B9 /* Endpoint.swift in Sources */,
			);
			runOnlyForDeploymentPostprocessing = 0;
		};
		2E866BB12B1A49EF004A96B9 /* Sources */ = {
			isa = PBXSourcesBuildPhase;
			buildActionMask = 2147483647;
			files = (
				2E866BBA2B1A49EF004A96B9 /* CustomNetWorkingTests.swift in Sources */,
			);
			runOnlyForDeploymentPostprocessing = 0;
		};
		2E866BBB2B1A49EF004A96B9 /* Sources */ = {
			isa = PBXSourcesBuildPhase;
			buildActionMask = 2147483647;
			files = (
				2E866BC42B1A49EF004A96B9 /* CustomNetWorkingUITests.swift in Sources */,
				2E866BC62B1A49EF004A96B9 /* CustomNetWorkingUITestsLaunchTests.swift in Sources */,
			);
			runOnlyForDeploymentPostprocessing = 0;
		};
/* End PBXSourcesBuildPhase section */

/* Begin PBXTargetDependency section */
		2E866BB72B1A49EF004A96B9 /* PBXTargetDependency */ = {
			isa = PBXTargetDependency;
			target = 2E866B9E2B1A49EE004A96B9 /* CustomNetWorking */;
			targetProxy = 2E866BB62B1A49EF004A96B9 /* PBXContainerItemProxy */;
		};
		2E866BC12B1A49EF004A96B9 /* PBXTargetDependency */ = {
			isa = PBXTargetDependency;
			target = 2E866B9E2B1A49EE004A96B9 /* CustomNetWorking */;
			targetProxy = 2E866BC02B1A49EF004A96B9 /* PBXContainerItemProxy */;
		};
/* End PBXTargetDependency section */

/* Begin PBXVariantGroup section */
		2E866BA82B1A49EE004A96B9 /* Main.storyboard */ = {
			isa = PBXVariantGroup;
			children = (
				2E866BA92B1A49EE004A96B9 /* Base */,
			);
			name = Main.storyboard;
			sourceTree = "<group>";
		};
		2E866BAD2B1A49EF004A96B9 /* LaunchScreen.storyboard */ = {
			isa = PBXVariantGroup;
			children = (
				2E866BAE2B1A49EF004A96B9 /* Base */,
			);
			name = LaunchScreen.storyboard;
			sourceTree = "<group>";
		};
/* End PBXVariantGroup section */

/* Begin XCBuildConfiguration section */
		2E866BC72B1A49EF004A96B9 /* Debug */ = {
			isa = XCBuildConfiguration;
			buildSettings = {
				ALWAYS_SEARCH_USER_PATHS = NO;
				ASSETCATALOG_COMPILER_GENERATE_SWIFT_ASSET_SYMBOL_EXTENSIONS = YES;
				CLANG_ANALYZER_NONNULL = YES;
				CLANG_ANALYZER_NUMBER_OBJECT_CONVERSION = YES_AGGRESSIVE;
				CLANG_CXX_LANGUAGE_STANDARD = "gnu++20";
				CLANG_ENABLE_MODULES = YES;
				CLANG_ENABLE_OBJC_ARC = YES;
				CLANG_ENABLE_OBJC_WEAK = YES;
				CLANG_WARN_BLOCK_CAPTURE_AUTORELEASING = YES;
				CLANG_WARN_BOOL_CONVERSION = YES;
				CLANG_WARN_COMMA = YES;
				CLANG_WARN_CONSTANT_CONVERSION = YES;
				CLANG_WARN_DEPRECATED_OBJC_IMPLEMENTATIONS = YES;
				CLANG_WARN_DIRECT_OBJC_ISA_USAGE = YES_ERROR;
				CLANG_WARN_DOCUMENTATION_COMMENTS = YES;
				CLANG_WARN_EMPTY_BODY = YES;
				CLANG_WARN_ENUM_CONVERSION = YES;
				CLANG_WARN_INFINITE_RECURSION = YES;
				CLANG_WARN_INT_CONVERSION = YES;
				CLANG_WARN_NON_LITERAL_NULL_CONVERSION = YES;
				CLANG_WARN_OBJC_IMPLICIT_RETAIN_SELF = YES;
				CLANG_WARN_OBJC_LITERAL_CONVERSION = YES;
				CLANG_WARN_OBJC_ROOT_CLASS = YES_ERROR;
				CLANG_WARN_QUOTED_INCLUDE_IN_FRAMEWORK_HEADER = YES;
				CLANG_WARN_RANGE_LOOP_ANALYSIS = YES;
				CLANG_WARN_STRICT_PROTOTYPES = YES;
				CLANG_WARN_SUSPICIOUS_MOVE = YES;
				CLANG_WARN_UNGUARDED_AVAILABILITY = YES_AGGRESSIVE;
				CLANG_WARN_UNREACHABLE_CODE = YES;
				CLANG_WARN__DUPLICATE_METHOD_MATCH = YES;
				COPY_PHASE_STRIP = NO;
				DEBUG_INFORMATION_FORMAT = dwarf;
				ENABLE_STRICT_OBJC_MSGSEND = YES;
				ENABLE_TESTABILITY = YES;
				ENABLE_USER_SCRIPT_SANDBOXING = YES;
				GCC_C_LANGUAGE_STANDARD = gnu17;
				GCC_DYNAMIC_NO_PIC = NO;
				GCC_NO_COMMON_BLOCKS = YES;
				GCC_OPTIMIZATION_LEVEL = 0;
				GCC_PREPROCESSOR_DEFINITIONS = (
					"DEBUG=1",
					"$(inherited)",
				);
				GCC_WARN_64_TO_32_BIT_CONVERSION = YES;
				GCC_WARN_ABOUT_RETURN_TYPE = YES_ERROR;
				GCC_WARN_UNDECLARED_SELECTOR = YES;
				GCC_WARN_UNINITIALIZED_AUTOS = YES_AGGRESSIVE;
				GCC_WARN_UNUSED_FUNCTION = YES;
				GCC_WARN_UNUSED_VARIABLE = YES;
				IPHONEOS_DEPLOYMENT_TARGET = 17.0;
				LOCALIZATION_PREFERS_STRING_CATALOGS = YES;
				MTL_ENABLE_DEBUG_INFO = INCLUDE_SOURCE;
				MTL_FAST_MATH = YES;
				ONLY_ACTIVE_ARCH = YES;
				SDKROOT = iphoneos;
				SWIFT_ACTIVE_COMPILATION_CONDITIONS = "DEBUG $(inherited)";
				SWIFT_OPTIMIZATION_LEVEL = "-Onone";
			};
			name = Debug;
		};
		2E866BC82B1A49EF004A96B9 /* Release */ = {
			isa = XCBuildConfiguration;
			buildSettings = {
				ALWAYS_SEARCH_USER_PATHS = NO;
				ASSETCATALOG_COMPILER_GENERATE_SWIFT_ASSET_SYMBOL_EXTENSIONS = YES;
				CLANG_ANALYZER_NONNULL = YES;
				CLANG_ANALYZER_NUMBER_OBJECT_CONVERSION = YES_AGGRESSIVE;
				CLANG_CXX_LANGUAGE_STANDARD = "gnu++20";
				CLANG_ENABLE_MODULES = YES;
				CLANG_ENABLE_OBJC_ARC = YES;
				CLANG_ENABLE_OBJC_WEAK = YES;
				CLANG_WARN_BLOCK_CAPTURE_AUTORELEASING = YES;
				CLANG_WARN_BOOL_CONVERSION = YES;
				CLANG_WARN_COMMA = YES;
				CLANG_WARN_CONSTANT_CONVERSION = YES;
				CLANG_WARN_DEPRECATED_OBJC_IMPLEMENTATIONS = YES;
				CLANG_WARN_DIRECT_OBJC_ISA_USAGE = YES_ERROR;
				CLANG_WARN_DOCUMENTATION_COMMENTS = YES;
				CLANG_WARN_EMPTY_BODY = YES;
				CLANG_WARN_ENUM_CONVERSION = YES;
				CLANG_WARN_INFINITE_RECURSION = YES;
				CLANG_WARN_INT_CONVERSION = YES;
				CLANG_WARN_NON_LITERAL_NULL_CONVERSION = YES;
				CLANG_WARN_OBJC_IMPLICIT_RETAIN_SELF = YES;
				CLANG_WARN_OBJC_LITERAL_CONVERSION = YES;
				CLANG_WARN_OBJC_ROOT_CLASS = YES_ERROR;
				CLANG_WARN_QUOTED_INCLUDE_IN_FRAMEWORK_HEADER = YES;
				CLANG_WARN_RANGE_LOOP_ANALYSIS = YES;
				CLANG_WARN_STRICT_PROTOTYPES = YES;
				CLANG_WARN_SUSPICIOUS_MOVE = YES;
				CLANG_WARN_UNGUARDED_AVAILABILITY = YES_AGGRESSIVE;
				CLANG_WARN_UNREACHABLE_CODE = YES;
				CLANG_WARN__DUPLICATE_METHOD_MATCH = YES;
				COPY_PHASE_STRIP = NO;
				DEBUG_INFORMATION_FORMAT = "dwarf-with-dsym";
				ENABLE_NS_ASSERTIONS = NO;
				ENABLE_STRICT_OBJC_MSGSEND = YES;
				ENABLE_USER_SCRIPT_SANDBOXING = YES;
				GCC_C_LANGUAGE_STANDARD = gnu17;
				GCC_NO_COMMON_BLOCKS = YES;
				GCC_WARN_64_TO_32_BIT_CONVERSION = YES;
				GCC_WARN_ABOUT_RETURN_TYPE = YES_ERROR;
				GCC_WARN_UNDECLARED_SELECTOR = YES;
				GCC_WARN_UNINITIALIZED_AUTOS = YES_AGGRESSIVE;
				GCC_WARN_UNUSED_FUNCTION = YES;
				GCC_WARN_UNUSED_VARIABLE = YES;
				IPHONEOS_DEPLOYMENT_TARGET = 17.0;
				LOCALIZATION_PREFERS_STRING_CATALOGS = YES;
				MTL_ENABLE_DEBUG_INFO = NO;
				MTL_FAST_MATH = YES;
				SDKROOT = iphoneos;
				SWIFT_COMPILATION_MODE = wholemodule;
				VALIDATE_PRODUCT = YES;
			};
			name = Release;
		};
		2E866BCA2B1A49EF004A96B9 /* Debug */ = {
			isa = XCBuildConfiguration;
			buildSettings = {
				ASSETCATALOG_COMPILER_APPICON_NAME = AppIcon;
				ASSETCATALOG_COMPILER_GLOBAL_ACCENT_COLOR_NAME = AccentColor;
				CODE_SIGN_STYLE = Automatic;
				CURRENT_PROJECT_VERSION = 1;
				DEVELOPMENT_TEAM = XNT88MR9C6;
				GENERATE_INFOPLIST_FILE = YES;
				INFOPLIST_FILE = CustomNetWorking/Info.plist;
				INFOPLIST_KEY_UIApplicationSupportsIndirectInputEvents = YES;
				INFOPLIST_KEY_UILaunchStoryboardName = LaunchScreen;
				INFOPLIST_KEY_UIMainStoryboardFile = Main;
				INFOPLIST_KEY_UISupportedInterfaceOrientations_iPad = "UIInterfaceOrientationPortrait UIInterfaceOrientationPortraitUpsideDown UIInterfaceOrientationLandscapeLeft UIInterfaceOrientationLandscapeRight";
				INFOPLIST_KEY_UISupportedInterfaceOrientations_iPhone = "UIInterfaceOrientationPortrait UIInterfaceOrientationLandscapeLeft UIInterfaceOrientationLandscapeRight";
				LD_RUNPATH_SEARCH_PATHS = (
					"$(inherited)",
					"@executable_path/Frameworks",
				);
				MARKETING_VERSION = 1.0;
				PRODUCT_BUNDLE_IDENTIFIER = s.CustomNetWorking;
				PRODUCT_NAME = "$(TARGET_NAME)";
				SWIFT_EMIT_LOC_STRINGS = YES;
				SWIFT_VERSION = 5.0;
				TARGETED_DEVICE_FAMILY = "1,2";
			};
			name = Debug;
		};
		2E866BCB2B1A49EF004A96B9 /* Release */ = {
			isa = XCBuildConfiguration;
			buildSettings = {
				ASSETCATALOG_COMPILER_APPICON_NAME = AppIcon;
				ASSETCATALOG_COMPILER_GLOBAL_ACCENT_COLOR_NAME = AccentColor;
				CODE_SIGN_STYLE = Automatic;
				CURRENT_PROJECT_VERSION = 1;
				DEVELOPMENT_TEAM = XNT88MR9C6;
				GENERATE_INFOPLIST_FILE = YES;
				INFOPLIST_FILE = CustomNetWorking/Info.plist;
				INFOPLIST_KEY_UIApplicationSupportsIndirectInputEvents = YES;
				INFOPLIST_KEY_UILaunchStoryboardName = LaunchScreen;
				INFOPLIST_KEY_UIMainStoryboardFile = Main;
				INFOPLIST_KEY_UISupportedInterfaceOrientations_iPad = "UIInterfaceOrientationPortrait UIInterfaceOrientationPortraitUpsideDown UIInterfaceOrientationLandscapeLeft UIInterfaceOrientationLandscapeRight";
				INFOPLIST_KEY_UISupportedInterfaceOrientations_iPhone = "UIInterfaceOrientationPortrait UIInterfaceOrientationLandscapeLeft UIInterfaceOrientationLandscapeRight";
				LD_RUNPATH_SEARCH_PATHS = (
					"$(inherited)",
					"@executable_path/Frameworks",
				);
				MARKETING_VERSION = 1.0;
				PRODUCT_BUNDLE_IDENTIFIER = s.CustomNetWorking;
				PRODUCT_NAME = "$(TARGET_NAME)";
				SWIFT_EMIT_LOC_STRINGS = YES;
				SWIFT_VERSION = 5.0;
				TARGETED_DEVICE_FAMILY = "1,2";
			};
			name = Release;
		};
		2E866BCD2B1A49EF004A96B9 /* Debug */ = {
			isa = XCBuildConfiguration;
			buildSettings = {
				ALWAYS_EMBED_SWIFT_STANDARD_LIBRARIES = YES;
				BUNDLE_LOADER = "$(TEST_HOST)";
				CODE_SIGN_STYLE = Automatic;
				CURRENT_PROJECT_VERSION = 1;
				DEVELOPMENT_TEAM = XNT88MR9C6;
				GENERATE_INFOPLIST_FILE = YES;
				IPHONEOS_DEPLOYMENT_TARGET = 17.0;
				MARKETING_VERSION = 1.0;
				PRODUCT_BUNDLE_IDENTIFIER = s.CustomNetWorkingTests;
				PRODUCT_NAME = "$(TARGET_NAME)";
				SWIFT_EMIT_LOC_STRINGS = NO;
				SWIFT_VERSION = 5.0;
				TARGETED_DEVICE_FAMILY = "1,2";
				TEST_HOST = "$(BUILT_PRODUCTS_DIR)/CustomNetWorking.app/$(BUNDLE_EXECUTABLE_FOLDER_PATH)/CustomNetWorking";
			};
			name = Debug;
		};
		2E866BCE2B1A49EF004A96B9 /* Release */ = {
			isa = XCBuildConfiguration;
			buildSettings = {
				ALWAYS_EMBED_SWIFT_STANDARD_LIBRARIES = YES;
				BUNDLE_LOADER = "$(TEST_HOST)";
				CODE_SIGN_STYLE = Automatic;
				CURRENT_PROJECT_VERSION = 1;
				DEVELOPMENT_TEAM = XNT88MR9C6;
				GENERATE_INFOPLIST_FILE = YES;
				IPHONEOS_DEPLOYMENT_TARGET = 17.0;
				MARKETING_VERSION = 1.0;
				PRODUCT_BUNDLE_IDENTIFIER = s.CustomNetWorkingTests;
				PRODUCT_NAME = "$(TARGET_NAME)";
				SWIFT_EMIT_LOC_STRINGS = NO;
				SWIFT_VERSION = 5.0;
				TARGETED_DEVICE_FAMILY = "1,2";
				TEST_HOST = "$(BUILT_PRODUCTS_DIR)/CustomNetWorking.app/$(BUNDLE_EXECUTABLE_FOLDER_PATH)/CustomNetWorking";
			};
			name = Release;
		};
		2E866BD02B1A49EF004A96B9 /* Debug */ = {
			isa = XCBuildConfiguration;
			buildSettings = {
				ALWAYS_EMBED_SWIFT_STANDARD_LIBRARIES = YES;
				CODE_SIGN_STYLE = Automatic;
				CURRENT_PROJECT_VERSION = 1;
				DEVELOPMENT_TEAM = XNT88MR9C6;
				GENERATE_INFOPLIST_FILE = YES;
				MARKETING_VERSION = 1.0;
				PRODUCT_BUNDLE_IDENTIFIER = s.CustomNetWorkingUITests;
				PRODUCT_NAME = "$(TARGET_NAME)";
				SWIFT_EMIT_LOC_STRINGS = NO;
				SWIFT_VERSION = 5.0;
				TARGETED_DEVICE_FAMILY = "1,2";
				TEST_TARGET_NAME = CustomNetWorking;
			};
			name = Debug;
		};
		2E866BD12B1A49EF004A96B9 /* Release */ = {
			isa = XCBuildConfiguration;
			buildSettings = {
				ALWAYS_EMBED_SWIFT_STANDARD_LIBRARIES = YES;
				CODE_SIGN_STYLE = Automatic;
				CURRENT_PROJECT_VERSION = 1;
				DEVELOPMENT_TEAM = XNT88MR9C6;
				GENERATE_INFOPLIST_FILE = YES;
				MARKETING_VERSION = 1.0;
				PRODUCT_BUNDLE_IDENTIFIER = s.CustomNetWorkingUITests;
				PRODUCT_NAME = "$(TARGET_NAME)";
				SWIFT_EMIT_LOC_STRINGS = NO;
				SWIFT_VERSION = 5.0;
				TARGETED_DEVICE_FAMILY = "1,2";
				TEST_TARGET_NAME = CustomNetWorking;
			};
			name = Release;
		};
/* End XCBuildConfiguration section */

/* Begin XCConfigurationList section */
		2E866B9A2B1A49EE004A96B9 /* Build configuration list for PBXProject "CustomNetWorking" */ = {
			isa = XCConfigurationList;
			buildConfigurations = (
				2E866BC72B1A49EF004A96B9 /* Debug */,
				2E866BC82B1A49EF004A96B9 /* Release */,
			);
			defaultConfigurationIsVisible = 0;
			defaultConfigurationName = Release;
		};
		2E866BC92B1A49EF004A96B9 /* Build configuration list for PBXNativeTarget "CustomNetWorking" */ = {
			isa = XCConfigurationList;
			buildConfigurations = (
				2E866BCA2B1A49EF004A96B9 /* Debug */,
				2E866BCB2B1A49EF004A96B9 /* Release */,
			);
			defaultConfigurationIsVisible = 0;
			defaultConfigurationName = Release;
		};
		2E866BCC2B1A49EF004A96B9 /* Build configuration list for PBXNativeTarget "CustomNetWorkingTests" */ = {
			isa = XCConfigurationList;
			buildConfigurations = (
				2E866BCD2B1A49EF004A96B9 /* Debug */,
				2E866BCE2B1A49EF004A96B9 /* Release */,
			);
			defaultConfigurationIsVisible = 0;
			defaultConfigurationName = Release;
		};
		2E866BCF2B1A49EF004A96B9 /* Build configuration list for PBXNativeTarget "CustomNetWorkingUITests" */ = {
			isa = XCConfigurationList;
			buildConfigurations = (
				2E866BD02B1A49EF004A96B9 /* Debug */,
				2E866BD12B1A49EF004A96B9 /* Release */,
			);
			defaultConfigurationIsVisible = 0;
			defaultConfigurationName = Release;
		};
/* End XCConfigurationList section */
	};
	rootObject = 2E866B972B1A49EE004A96B9 /* Project object */;
}
